
Microsoft Visual Studio Solution File, Format Version 12.00
# Visual Studio Version 17
VisualStudioVersion = 17.9.34701.34
MinimumVisualStudioVersion = 10.0.40219.1
Project("{8BC9CEB8-8B4A-11D0-8D11-00A0C91BC942}") = "sft_ms3", "sft_ms3.vcxproj", "{39C84F0E-7383-47C1-81F8-7B4B44414952}"
EndProject
Global
	GlobalSection(SolutionConfigurationPlatforms) = preSolution
		Debug|x64 = Debug|x64
		Debug|x86 = Debug|x86
		Release|x64 = Release|x64
		Release|x86 = Release|x86
	EndGlobalSection
	GlobalSection(ProjectConfigurationPlatforms) = postSolution
		{39C84F0E-7383-47C1-81F8-7B4B44414952}.Debug|x64.ActiveCfg = Debug|x64
		{39C84F0E-7383-47C1-81F8-7B4B44414952}.Debug|x64.Build.0 = Debug|x64
		{39C84F0E-7383-47C1-81F8-7B4B44414952}.Debug|x86.ActiveCfg = Debug|Win32
		{39C84F0E-7383-47C1-81F8-7B4B44414952}.Debug|x86.Build.0 = Debug|Win32
		{39C84F0E-7383-47C1-81F8-7B4B44414952}.Release|x64.ActiveCfg = Release|x64
		{39C84F0E-7383-47C1-81F8-7B4B44414952}.Release|x64.Build.0 = Release|x64
		{39C84F0E-7383-47C1-81F8-7B4B44414952}.Release|x86.ActiveCfg = Release|Win32
		{39C84F0E-7383-47C1-81F8-7B4B44414952}.Release|x86.Build.0 = Release|Win32
	EndGlobalSection
	GlobalSection(SolutionProperties) = preSolution
		HideSolutionNode = FALSE
	EndGlobalSection
	GlobalSection(ExtensibilityGlobals) = postSolution
		SolutionGuid = {1A612C80-137B-46FC-9C2A-A7207924DE9E}
	EndGlobalSection
EndGlobal
